
Microsoft Visual Studio Solution File, Format Version 12.00
# Visual Studio Version 17
VisualStudioVersion = 17.11.35219.272
MinimumVisualStudioVersion = 10.0.40219.1
Project("{9A19103F-16F7-4668-BE54-9A1E7A4F7556}") = "Hangman", "Hangman\Hangman.csproj", "{76391796-2470-4A0A-9C35-BCE1E44F4B3C}"
EndProject
Project("{2150E333-8FDC-42A3-9474-1A3956D46DE8}") = "Solution Items", "Solution Items", "{996B5D38-58BA-4CDE-8025-9A2778B4C64C}"
	ProjectSection(SolutionItems) = preProject
		Hangman\AppIcon.ico = Hangman\AppIcon.ico
	EndProjectSection
EndProject
Global
	GlobalSection(SolutionConfigurationPlatforms) = preSolution
		Debug|Any CPU = Debug|Any CPU
		Release|Any CPU = Release|Any CPU
	EndGlobalSection
	GlobalSection(ProjectConfigurationPlatforms) = postSolution
		{76391796-2470-4A0A-9C35-BCE1E44F4B3C}.Debug|Any CPU.ActiveCfg = Debug|Any CPU
		{76391796-2470-4A0A-9C35-BCE1E44F4B3C}.Debug|Any CPU.Build.0 = Debug|Any CPU
		{76391796-2470-4A0A-9C35-BCE1E44F4B3C}.Release|Any CPU.ActiveCfg = Release|Any CPU
		{76391796-2470-4A0A-9C35-BCE1E44F4B3C}.Release|Any CPU.Build.0 = Release|Any CPU
	EndGlobalSection
	GlobalSection(SolutionProperties) = preSolution
		HideSolutionNode = FALSE
	EndGlobalSection
	GlobalSection(ExtensibilityGlobals) = postSolution
		SolutionGuid = {B5A5C5AB-6647-4C7A-88AF-45C2EC3B2BF9}
	EndGlobalSection
EndGlobal
